Microsoft Visual Studio Solution File, Format Version 7.00
Project("{FAE04EC0-301F-11D3-BF4B-00C04F79EFBC}") = "Reports", "http://localhost:801/Reports/Reports.csproj", "{9CA5B944-3DD3-4CCD-AB8B-3585F7C665D2}"
EndProject
Global
	GlobalSection(SolutionConfiguration) = preSolution
		ConfigName.0 = Debug
		ConfigName.1 = Release
	EndGlobalSection
	GlobalSection(ProjectDependencies) = postSolution
	EndGlobalSection
	GlobalSection(ProjectConfiguration) = postSolution
		{9CA5B944-3DD3-4CCD-AB8B-3585F7C665D2}.Debug.ActiveCfg = Debug|.NET
		{9CA5B944-3DD3-4CCD-AB8B-3585F7C665D2}.Debug.Build.0 = Debug|.NET
		{9CA5B944-3DD3-4CCD-AB8B-3585F7C665D2}.Release.ActiveCfg = Release|.NET
		{9CA5B944-3DD3-4CCD-AB8B-3585F7C665D2}.Release.Build.0 = Release|.NET
	EndGlobalSection
	GlobalSection(ExtensibilityGlobals) = postSolution
	EndGlobalSection
	GlobalSection(ExtensibilityAddIns) = postSolution
	EndGlobalSection
EndGlobal
